
Microsoft Visual Studio Solution File, Format Version 12.00
# Visual Studio Version 17
VisualStudioVersion = 17.13.35931.197
MinimumVisualStudioVersion = 10.0.40219.1
Project("{FAE04EC0-301F-11D3-BF4B-00C04F79EFBC}") = "PruebaTencina", "PruebaTencina\PruebaTencina.csproj", "{3D5327C4-8F23-44ED-A719-EE024C61EDC3}"
EndProject
Global
	GlobalSection(SolutionConfigurationPlatforms) = preSolution
		Debug|Any CPU = Debug|Any CPU
		Release|Any CPU = Release|Any CPU
	EndGlobalSection
	GlobalSection(ProjectConfigurationPlatforms) = postSolution
		{3D5327C4-8F23-44ED-A719-EE024C61EDC3}.Debug|Any CPU.ActiveCfg = Debug|Any CPU
		{3D5327C4-8F23-44ED-A719-EE024C61EDC3}.Debug|Any CPU.Build.0 = Debug|Any CPU
		{3D5327C4-8F23-44ED-A719-EE024C61EDC3}.Release|Any CPU.ActiveCfg = Release|Any CPU
		{3D5327C4-8F23-44ED-A719-EE024C61EDC3}.Release|Any CPU.Build.0 = Release|Any CPU
	EndGlobalSection
	GlobalSection(SolutionProperties) = preSolution
		HideSolutionNode = FALSE
	EndGlobalSection
	GlobalSection(ExtensibilityGlobals) = postSolution
		SolutionGuid = {6F602AD8-003A-4346-B0FF-2B4DD9881A16}
	EndGlobalSection
EndGlobal
